// !$*UTF8*$!
{
	archiveVersion = 1;
	classes = {
	};
	objectVersion = 48;
	objects = {

/* Begin PBXBuildFile section */
		40FE136321B1C60B00AC72B6 /* AppIcon.appiconset in Resources */ = {isa = PBXBuildFile; fileRef = 40FE136221B1C60B00AC72B6 /* AppIcon.appiconset */; };
		852D4B99205F08AA0076D30F /* AppDelegate.swift in Sources */ = {isa = PBXBuildFile; fileRef = 852D4B98205F08AA0076D30F /* AppDelegate.swift */; };
		852D4B9B205F08AA0076D30F /* ViewController.swift in Sources */ = {isa = PBXBuildFile; fileRef = 852D4B9A205F08AA0076D30F /* ViewController.swift */; };
		852D4B9E205F08AA0076D30F /* Main.storyboard in Resources */ = {isa = PBXBuildFile; fileRef = 852D4B9C205F08AA0076D30F /* Main.storyboard */; };
		852D4BA0205F08AA0076D30F /* Assets.xcassets in Resources */ = {isa = PBXBuildFile; fileRef = 852D4B9F205F08AA0076D30F /* Assets.xcassets */; };
		852D4BA3205F08AA0076D30F /* LaunchScreen.storyboard in Resources */ = {isa = PBXBuildFile; fileRef = 852D4BA1205F08AA0076D30F /* LaunchScreen.storyboard */; };
		852D4BAB205F09680076D30F /* Definitions.swift in Sources */ = {isa = PBXBuildFile; fileRef = 852D4BAA205F09680076D30F /* Definitions.swift */; };
		CD1957E821A8F02900604295 /* Buffer.swift in Sources */ = {isa = PBXBuildFile; fileRef = CD1957E721A8F02900604295 /* Buffer.swift */; };
		CD1957EA21A8F96F00604295 /* ViewHello.swift in Sources */ = {isa = PBXBuildFile; fileRef = CD1957E921A8F96F00604295 /* ViewHello.swift */; };
		CD1957EC21A8F98D00604295 /* ViewPhoneWrist.swift in Sources */ = {isa = PBXBuildFile; fileRef = CD1957EB21A8F98D00604295 /* ViewPhoneWrist.swift */; };
		CD1957EE21A9099400604295 /* ViewConnected.swift in Sources */ = {isa = PBXBuildFile; fileRef = CD1957ED21A9099400604295 /* ViewConnected.swift */; };
		CD1957F021A90CA500604295 /* ViewLargestGesture.swift in Sources */ = {isa = PBXBuildFile; fileRef = CD1957EF21A90CA500604295 /* ViewLargestGesture.swift */; };
		CD3FB5C821A911E600539F60 /* ViewLargestGestureObtained.swift in Sources */ = {isa = PBXBuildFile; fileRef = CD3FB5C721A911E600539F60 /* ViewLargestGestureObtained.swift */; };
		CD3FB5CA21A9206600539F60 /* ViewLessonSelect.swift in Sources */ = {isa = PBXBuildFile; fileRef = CD3FB5C921A9206600539F60 /* ViewLessonSelect.swift */; };
		CD3FB5CC21A921D300539F60 /* ViewLessonSelected.swift in Sources */ = {isa = PBXBuildFile; fileRef = CD3FB5CB21A921D300539F60 /* ViewLessonSelected.swift */; };
		CD3FB5CE21A9AD1E00539F60 /* ViewLevel1Selected.swift in Sources */ = {isa = PBXBuildFile; fileRef = CD3FB5CD21A9AD1E00539F60 /* ViewLevel1Selected.swift */; };
		CD3FB5D021A9AD2800539F60 /* ViewLevel2Selected.swift in Sources */ = {isa = PBXBuildFile; fileRef = CD3FB5CF21A9AD2800539F60 /* ViewLevel2Selected.swift */; };
		CD3FB5D221A9AD3000539F60 /* ViewLevel4Selected.swift in Sources */ = {isa = PBXBuildFile; fileRef = CD3FB5D121A9AD3000539F60 /* ViewLevel4Selected.swift */; };
		CD3FB5D421A9AD3700539F60 /* ViewLevel3Selected.swift in Sources */ = {isa = PBXBuildFile; fileRef = CD3FB5D321A9AD3700539F60 /* ViewLevel3Selected.swift */; };
		CD3FB5D621A9C1BC00539F60 /* ViewStart.swift in Sources */ = {isa = PBXBuildFile; fileRef = CD3FB5D521A9C1BC00539F60 /* ViewStart.swift */; };
		CD7C1887219A82860083EDEB /* ViewLargest.swift in Sources */ = {isa = PBXBuildFile; fileRef = CD7C1886219A82860083EDEB /* ViewLargest.swift */; };
		CD7C189C21A5B4CC0083EDEB /* ViewSplash.swift in Sources */ = {isa = PBXBuildFile; fileRef = CD7C189B21A5B4CC0083EDEB /* ViewSplash.swift */; };
		CD7C189E21A625230083EDEB /* AppState.swift in Sources */ = {isa = PBXBuildFile; fileRef = CD7C189D21A625230083EDEB /* AppState.swift */; };
		CD7C18A021A627980083EDEB /* ViewBluetooth.swift in Sources */ = {isa = PBXBuildFile; fileRef = CD7C189F21A627980083EDEB /* ViewBluetooth.swift */; };
		CD7C18A221A627E20083EDEB /* BluetoothManager.swift in Sources */ = {isa = PBXBuildFile; fileRef = CD7C18A121A627E20083EDEB /* BluetoothManager.swift */; };
/* End PBXBuildFile section */

/* Begin PBXFileReference section */
		40FE136221B1C60B00AC72B6 /* AppIcon.appiconset */ = {isa = PBXFileReference; lastKnownFileType = folder; path = AppIcon.appiconset; sourceTree = "<group>"; };
		852D4B95205F08AA0076D30F /* maestro-phone.app */ = {isa = PBXFileReference; explicitFileType = wrapper.application; includeInIndex = 0; path = "maestro-phone.app"; sourceTree = BUILT_PRODUCTS_DIR; };
		852D4B98205F08AA0076D30F /* AppDelegate.swift */ = {isa = PBXFileReference; lastKnownFileType = sourcecode.swift; path = AppDelegate.swift; sourceTree = "<group>"; };
		852D4B9A205F08AA0076D30F /* ViewController.swift */ = {isa = PBXFileReference; lastKnownFileType = sourcecode.swift; path = ViewController.swift; sourceTree = "<group>"; };
		852D4B9D205F08AA0076D30F /* Base */ = {isa = PBXFileReference; lastKnownFileType = file.storyboard; name = Base; path = Base.lproj/Main.storyboard; sourceTree = "<group>"; };
		852D4B9F205F08AA0076D30F /* Assets.xcassets */ = {isa = PBXFileReference; lastKnownFileType = folder.assetcatalog; path = Assets.xcassets; sourceTree = "<group>"; };
		852D4BA2205F08AA0076D30F /* Base */ = {isa = PBXFileReference; lastKnownFileType = file.storyboard; name = Base; path = Base.lproj/LaunchScreen.storyboard; sourceTree = "<group>"; };
		852D4BA4205F08AA0076D30F /* Info.plist */ = {isa = PBXFileReference; lastKnownFileType = text.plist.xml; path = Info.plist; sourceTree = "<group>"; };
		852D4BAA205F09680076D30F /* Definitions.swift */ = {isa = PBXFileReference; lastKnownFileType = sourcecode.swift; path = Definitions.swift; sourceTree = "<group>"; };
		CD1957E721A8F02900604295 /* Buffer.swift */ = {isa = PBXFileReference; lastKnownFileType = sourcecode.swift; path = Buffer.swift; sourceTree = "<group>"; };
		CD1957E921A8F96F00604295 /* ViewHello.swift */ = {isa = PBXFileReference; lastKnownFileType = sourcecode.swift; path = ViewHello.swift; sourceTree = "<group>"; };
		CD1957EB21A8F98D00604295 /* ViewPhoneWrist.swift */ = {isa = PBXFileReference; lastKnownFileType = sourcecode.swift; path = ViewPhoneWrist.swift; sourceTree = "<group>"; };
		CD1957ED21A9099400604295 /* ViewConnected.swift */ = {isa = PBXFileReference; lastKnownFileType = sourcecode.swift; path = ViewConnected.swift; sourceTree = "<group>"; };
		CD1957EF21A90CA500604295 /* ViewLargestGesture.swift */ = {isa = PBXFileReference; lastKnownFileType = sourcecode.swift; path = ViewLargestGesture.swift; sourceTree = "<group>"; };
		CD3FB5C721A911E600539F60 /* ViewLargestGestureObtained.swift */ = {isa = PBXFileReference; lastKnownFileType = sourcecode.swift; path = ViewLargestGestureObtained.swift; sourceTree = "<group>"; };
		CD3FB5C921A9206600539F60 /* ViewLessonSelect.swift */ = {isa = PBXFileReference; lastKnownFileType = sourcecode.swift; path = ViewLessonSelect.swift; sourceTree = "<group>"; };
		CD3FB5CB21A921D300539F60 /* ViewLessonSelected.swift */ = {isa = PBXFileReference; lastKnownFileType = sourcecode.swift; path = ViewLessonSelected.swift; sourceTree = "<group>"; };
		CD3FB5CD21A9AD1E00539F60 /* ViewLevel1Selected.swift */ = {isa = PBXFileReference; lastKnownFileType = sourcecode.swift; path = ViewLevel1Selected.swift; sourceTree = "<group>"; };
		CD3FB5CF21A9AD2800539F60 /* ViewLevel2Selected.swift */ = {isa = PBXFileReference; lastKnownFileType = sourcecode.swift; path = ViewLevel2Selected.swift; sourceTree = "<group>"; };
		CD3FB5D121A9AD3000539F60 /* ViewLevel4Selected.swift */ = {isa = PBXFileReference; lastKnownFileType = sourcecode.swift; path = ViewLevel4Selected.swift; sourceTree = "<group>"; };
		CD3FB5D321A9AD3700539F60 /* ViewLevel3Selected.swift */ = {isa = PBXFileReference; lastKnownFileType = sourcecode.swift; path = ViewLevel3Selected.swift; sourceTree = "<group>"; };
		CD3FB5D521A9C1BC00539F60 /* ViewStart.swift */ = {isa = PBXFileReference; lastKnownFileType = sourcecode.swift; path = ViewStart.swift; sourceTree = "<group>"; };
		CD7C1886219A82860083EDEB /* ViewLargest.swift */ = {isa = PBXFileReference; lastKnownFileType = sourcecode.swift; path = ViewLargest.swift; sourceTree = "<group>"; };
		CD7C189B21A5B4CC0083EDEB /* ViewSplash.swift */ = {isa = PBXFileReference; lastKnownFileType = sourcecode.swift; path = ViewSplash.swift; sourceTree = "<group>"; };
		CD7C189D21A625230083EDEB /* AppState.swift */ = {isa = PBXFileReference; lastKnownFileType = sourcecode.swift; path = AppState.swift; sourceTree = "<group>"; };
		CD7C189F21A627980083EDEB /* ViewBluetooth.swift */ = {isa = PBXFileReference; lastKnownFileType = sourcecode.swift; path = ViewBluetooth.swift; sourceTree = "<group>"; };
		CD7C18A121A627E20083EDEB /* BluetoothManager.swift */ = {isa = PBXFileReference; lastKnownFileType = sourcecode.swift; path = BluetoothManager.swift; sourceTree = "<group>"; };
/* End PBXFileReference section */

/* Begin PBXFrameworksBuildPhase section */
		852D4B92205F08AA0076D30F /* Frameworks */ = {
			isa = PBXFrameworksBuildPhase;
			buildActionMask = 2147483647;
			files = (
			);
			runOnlyForDeploymentPostprocessing = 0;
		};
/* End PBXFrameworksBuildPhase section */

/* Begin PBXGroup section */
		852D4B8C205F08AA0076D30F = {
			isa = PBXGroup;
			children = (
				852D4B97205F08AA0076D30F /* maestro-phone */,
				852D4B96205F08AA0076D30F /* Products */,
			);
			sourceTree = "<group>";
		};
		852D4B96205F08AA0076D30F /* Products */ = {
			isa = PBXGroup;
			children = (
				852D4B95205F08AA0076D30F /* maestro-phone.app */,
			);
			name = Products;
			sourceTree = "<group>";
		};
		852D4B97205F08AA0076D30F /* maestro-phone */ = {
			isa = PBXGroup;
			children = (
				CD1957E621A8EC9B00604295 /* ViewControllers */,
				852D4B98205F08AA0076D30F /* AppDelegate.swift */,
				852D4B9A205F08AA0076D30F /* ViewController.swift */,
				852D4B9C205F08AA0076D30F /* Main.storyboard */,
				852D4B9F205F08AA0076D30F /* Assets.xcassets */,
				40FE136221B1C60B00AC72B6 /* AppIcon.appiconset */,
				852D4BA1205F08AA0076D30F /* LaunchScreen.storyboard */,
				852D4BA4205F08AA0076D30F /* Info.plist */,
				852D4BAA205F09680076D30F /* Definitions.swift */,
				CD7C1886219A82860083EDEB /* ViewLargest.swift */,
				CD7C189D21A625230083EDEB /* AppState.swift */,
				CD7C18A121A627E20083EDEB /* BluetoothManager.swift */,
				CD1957E721A8F02900604295 /* Buffer.swift */,
			);
			path = "maestro-phone";
			sourceTree = "<group>";
		};
		CD1957E621A8EC9B00604295 /* ViewControllers */ = {
			isa = PBXGroup;
			children = (
				CD7C189B21A5B4CC0083EDEB /* ViewSplash.swift */,
				CD7C189F21A627980083EDEB /* ViewBluetooth.swift */,
				CD1957E921A8F96F00604295 /* ViewHello.swift */,
				CD1957EB21A8F98D00604295 /* ViewPhoneWrist.swift */,
				CD1957ED21A9099400604295 /* ViewConnected.swift */,
				CD1957EF21A90CA500604295 /* ViewLargestGesture.swift */,
				CD3FB5C721A911E600539F60 /* ViewLargestGestureObtained.swift */,
				CD3FB5C921A9206600539F60 /* ViewLessonSelect.swift */,
				CD3FB5CB21A921D300539F60 /* ViewLessonSelected.swift */,
				CD3FB5CD21A9AD1E00539F60 /* ViewLevel1Selected.swift */,
				CD3FB5CF21A9AD2800539F60 /* ViewLevel2Selected.swift */,
				CD3FB5D321A9AD3700539F60 /* ViewLevel3Selected.swift */,
				CD3FB5D121A9AD3000539F60 /* ViewLevel4Selected.swift */,
				CD3FB5D521A9C1BC00539F60 /* ViewStart.swift */,
			);
			name = ViewControllers;
			sourceTree = "<group>";
		};
/* End PBXGroup section */

/* Begin PBXNativeTarget section */
		852D4B94205F08AA0076D30F /* maestro-phone */ = {
			isa = PBXNativeTarget;
			buildConfigurationList = 852D4BA7205F08AA0076D30F /* Build configuration list for PBXNativeTarget "maestro-phone" */;
			buildPhases = (
				852D4B91205F08AA0076D30F /* Sources */,
				852D4B92205F08AA0076D30F /* Frameworks */,
				852D4B93205F08AA0076D30F /* Resources */,
			);
			buildRules = (
			);
			dependencies = (
			);
			name = "maestro-phone";
			productName = "maestro-phone";
			productReference = 852D4B95205F08AA0076D30F /* maestro-phone.app */;
			productType = "com.apple.product-type.application";
		};
/* End PBXNativeTarget section */

/* Begin PBXProject section */
		852D4B8D205F08AA0076D30F /* Project object */ = {
			isa = PBXProject;
			attributes = {
				LastSwiftUpdateCheck = 0920;
				LastUpgradeCheck = 0930;
				ORGANIZATIONNAME = Maestro;
				TargetAttributes = {
					852D4B94205F08AA0076D30F = {
						CreatedOnToolsVersion = 9.2;
						ProvisioningStyle = Automatic;
					};
				};
			};
			buildConfigurationList = 852D4B90205F08AA0076D30F /* Build configuration list for PBXProject "maestro-phone" */;
			compatibilityVersion = "Xcode 8.0";
			developmentRegion = en;
			hasScannedForEncodings = 0;
			knownRegions = (
				en,
				Base,
			);
			mainGroup = 852D4B8C205F08AA0076D30F;
			productRefGroup = 852D4B96205F08AA0076D30F /* Products */;
			projectDirPath = "";
			projectRoot = "";
			targets = (
				852D4B94205F08AA0076D30F /* maestro-phone */,
			);
		};
/* End PBXProject section */

/* Begin PBXResourcesBuildPhase section */
		852D4B93205F08AA0076D30F /* Resources */ = {
			isa = PBXResourcesBuildPhase;
			buildActionMask = 2147483647;
			files = (
				40FE136321B1C60B00AC72B6 /* AppIcon.appiconset in Resources */,
				852D4BA3205F08AA0076D30F /* LaunchScreen.storyboard in Resources */,
				852D4BA0205F08AA0076D30F /* Assets.xcassets in Resources */,
				852D4B9E205F08AA0076D30F /* Main.storyboard in Resources */,
			);
			runOnlyForDeploymentPostprocessing = 0;
		};
/* End PBXResourcesBuildPhase section */

/* Begin PBXSourcesBuildPhase section */
		852D4B91205F08AA0076D30F /* Sources */ = {
			isa = PBXSourcesBuildPhase;
			buildActionMask = 2147483647;
			files = (
				CD3FB5D221A9AD3000539F60 /* ViewLevel4Selected.swift in Sources */,
				CD3FB5D621A9C1BC00539F60 /* ViewStart.swift in Sources */,
				852D4B9B205F08AA0076D30F /* ViewController.swift in Sources */,
				CD7C189C21A5B4CC0083EDEB /* ViewSplash.swift in Sources */,
				CD7C18A221A627E20083EDEB /* BluetoothManager.swift in Sources */,
				CD3FB5CA21A9206600539F60 /* ViewLessonSelect.swift in Sources */,
				CD7C1887219A82860083EDEB /* ViewLargest.swift in Sources */,
				CD3FB5D421A9AD3700539F60 /* ViewLevel3Selected.swift in Sources */,
				CD7C189E21A625230083EDEB /* AppState.swift in Sources */,
				852D4BAB205F09680076D30F /* Definitions.swift in Sources */,
				852D4B99205F08AA0076D30F /* AppDelegate.swift in Sources */,
				CD1957EA21A8F96F00604295 /* ViewHello.swift in Sources */,
				CD3FB5C821A911E600539F60 /* ViewLargestGestureObtained.swift in Sources */,
				CD1957EE21A9099400604295 /* ViewConnected.swift in Sources */,
				CD3FB5D021A9AD2800539F60 /* ViewLevel2Selected.swift in Sources */,
				CD3FB5CE21A9AD1E00539F60 /* ViewLevel1Selected.swift in Sources */,
				CD3FB5CC21A921D300539F60 /* ViewLessonSelected.swift in Sources */,
				CD1957F021A90CA500604295 /* ViewLargestGesture.swift in Sources */,
				CD7C18A021A627980083EDEB /* ViewBluetooth.swift in Sources */,
				CD1957E821A8F02900604295 /* Buffer.swift in Sources */,
				CD1957EC21A8F98D00604295 /* ViewPhoneWrist.swift in Sources */,
			);
			runOnlyForDeploymentPostprocessing = 0;
		};
/* End PBXSourcesBuildPhase section */

/* Begin PBXVariantGroup section */
		852D4B9C205F08AA0076D30F /* Main.storyboard */ = {
			isa = PBXVariantGroup;
			children = (
				852D4B9D205F08AA0076D30F /* Base */,
			);
			name = Main.storyboard;
			sourceTree = "<group>";
		};
		852D4BA1205F08AA0076D30F /* LaunchScreen.storyboard */ = {
			isa = PBXVariantGroup;
			children = (
				852D4BA2205F08AA0076D30F /* Base */,
			);
			name = LaunchScreen.storyboard;
			sourceTree = "<group>";
		};
/* End PBXVariantGroup section */

/* Begin XCBuildConfiguration section */
		852D4BA5205F08AA0076D30F /* Debug */ = {
			isa = XCBuildConfiguration;
			buildSettings = {
				ALWAYS_SEARCH_USER_PATHS = NO;
				CLANG_ANALYZER_NONNULL = YES;
				CLANG_ANALYZER_NUMBER_OBJECT_CONVERSION = YES_AGGRESSIVE;
				CLANG_CXX_LANGUAGE_STANDARD = "gnu++14";
				CLANG_CXX_LIBRARY = "libc++";
				CLANG_ENABLE_MODULES = YES;
				CLANG_ENABLE_OBJC_ARC = YES;
				CLANG_WARN_BLOCK_CAPTURE_AUTORELEASING = YES;
				CLANG_WARN_BOOL_CONVERSION = YES;
				CLANG_WARN_COMMA = YES;
				CLANG_WARN_CONSTANT_CONVERSION = YES;
				CLANG_WARN_DEPRECATED_OBJC_IMPLEMENTATIONS = YES;
				CLANG_WARN_DIRECT_OBJC_ISA_USAGE = YES_ERROR;
				CLANG_WARN_DOCUMENTATION_COMMENTS = YES;
				CLANG_WARN_EMPTY_BODY = YES;
				CLANG_WARN_ENUM_CONVERSION = YES;
				CLANG_WARN_INFINITE_RECURSION = YES;
				CLANG_WARN_INT_CONVERSION = YES;
				CLANG_WARN_NON_LITERAL_NULL_CONVERSION = YES;
				CLANG_WARN_OBJC_IMPLICIT_RETAIN_SELF = YES;
				CLANG_WARN_OBJC_LITERAL_CONVERSION = YES;
				CLANG_WARN_OBJC_ROOT_CLASS = YES_ERROR;
				CLANG_WARN_RANGE_LOOP_ANALYSIS = YES;
				CLANG_WARN_STRICT_PROTOTYPES = YES;
				CLANG_WARN_SUSPICIOUS_MOVE = YES;
				CLANG_WARN_UNGUARDED_AVAILABILITY = YES_AGGRESSIVE;
				CLANG_WARN_UNREACHABLE_CODE = YES;
				CLANG_WARN__DUPLICATE_METHOD_MATCH = YES;
				CODE_SIGN_IDENTITY = "iPhone Developer";
				COPY_PHASE_STRIP = NO;
				DEBUG_INFORMATION_FORMAT = dwarf;
				ENABLE_STRICT_OBJC_MSGSEND = YES;
				ENABLE_TESTABILITY = YES;
				GCC_C_LANGUAGE_STANDARD = gnu11;
				GCC_DYNAMIC_NO_PIC = NO;
				GCC_NO_COMMON_BLOCKS = YES;
				GCC_OPTIMIZATION_LEVEL = 0;
				GCC_PREPROCESSOR_DEFINITIONS = (
					"DEBUG=1",
					"$(inherited)",
				);
				GCC_WARN_64_TO_32_BIT_CONVERSION = YES;
				GCC_WARN_ABOUT_RETURN_TYPE = YES_ERROR;
				GCC_WARN_UNDECLARED_SELECTOR = YES;
				GCC_WARN_UNINITIALIZED_AUTOS = YES_AGGRESSIVE;
				GCC_WARN_UNUSED_FUNCTION = YES;
				GCC_WARN_UNUSED_VARIABLE = YES;
				IPHONEOS_DEPLOYMENT_TARGET = 11.3;
				MTL_ENABLE_DEBUG_INFO = YES;
				ONLY_ACTIVE_ARCH = YES;
				SDKROOT = iphoneos;
				SWIFT_ACTIVE_COMPILATION_CONDITIONS = DEBUG;
				SWIFT_OPTIMIZATION_LEVEL = "-Onone";
			};
			name = Debug;
		};
		852D4BA6205F08AA0076D30F /* Release */ = {
			isa = XCBuildConfiguration;
			buildSettings = {
				ALWAYS_SEARCH_USER_PATHS = NO;
				CLANG_ANALYZER_NONNULL = YES;
				CLANG_ANALYZER_NUMBER_OBJECT_CONVERSION = YES_AGGRESSIVE;
				CLANG_CXX_LANGUAGE_STANDARD = "gnu++14";
				CLANG_CXX_LIBRARY = "libc++";
				CLANG_ENABLE_MODULES = YES;
				CLANG_ENABLE_OBJC_ARC = YES;
				CLANG_WARN_BLOCK_CAPTURE_AUTORELEASING = YES;
				CLANG_WARN_BOOL_CONVERSION = YES;
				CLANG_WARN_COMMA = YES;
				CLANG_WARN_CONSTANT_CONVERSION = YES;
				CLANG_WARN_DEPRECATED_OBJC_IMPLEMENTATIONS = YES;
				CLANG_WARN_DIRECT_OBJC_ISA_USAGE = YES_ERROR;
				CLANG_WARN_DOCUMENTATION_COMMENTS = YES;
				CLANG_WARN_EMPTY_BODY = YES;
				CLANG_WARN_ENUM_CONVERSION = YES;
				CLANG_WARN_INFINITE_RECURSION = YES;
				CLANG_WARN_INT_CONVERSION = YES;
				CLANG_WARN_NON_LITERAL_NULL_CONVERSION = YES;
				CLANG_WARN_OBJC_IMPLICIT_RETAIN_SELF = YES;
				CLANG_WARN_OBJC_LITERAL_CONVERSION = YES;
				CLANG_WARN_OBJC_ROOT_CLASS = YES_ERROR;
				CLANG_WARN_RANGE_LOOP_ANALYSIS = YES;
				CLANG_WARN_STRICT_PROTOTYPES = YES;
				CLANG_WARN_SUSPICIOUS_MOVE = YES;
				CLANG_WARN_UNGUARDED_AVAILABILITY = YES_AGGRESSIVE;
				CLANG_WARN_UNREACHABLE_CODE = YES;
				CLANG_WARN__DUPLICATE_METHOD_MATCH = YES;
				CODE_SIGN_IDENTITY = "iPhone Developer";
				COPY_PHASE_STRIP = NO;
				DEBUG_INFORMATION_FORMAT = "dwarf-with-dsym";
				ENABLE_NS_ASSERTIONS = NO;
				ENABLE_STRICT_OBJC_MSGSEND = YES;
				GCC_C_LANGUAGE_STANDARD = gnu11;
				GCC_NO_COMMON_BLOCKS = YES;
				GCC_WARN_64_TO_32_BIT_CONVERSION = YES;
				GCC_WARN_ABOUT_RETURN_TYPE = YES_ERROR;
				GCC_WARN_UNDECLARED_SELECTOR = YES;
				GCC_WARN_UNINITIALIZED_AUTOS = YES_AGGRESSIVE;
				GCC_WARN_UNUSED_FUNCTION = YES;
				GCC_WARN_UNUSED_VARIABLE = YES;
				IPHONEOS_DEPLOYMENT_TARGET = 11.3;
				MTL_ENABLE_DEBUG_INFO = NO;
				SDKROOT = iphoneos;
				SWIFT_OPTIMIZATION_LEVEL = "-Owholemodule";
				VALIDATE_PRODUCT = YES;
			};
			name = Release;
		};
		852D4BA8205F08AA0076D30F /* Debug */ = {
			isa = XCBuildConfiguration;
			buildSettings = {
				ASSETCATALOG_COMPILER_APPICON_NAME = AppIcon;
				ASSETCATALOG_COMPILER_LAUNCHIMAGE_NAME = LaunchImage;
				CODE_SIGN_IDENTITY = "iPhone Developer";
				CODE_SIGN_STYLE = Automatic;
				DEVELOPMENT_TEAM = WC93SGJV9X;
				INFOPLIST_FILE = "maestro-phone/Info.plist";
				LD_RUNPATH_SEARCH_PATHS = "$(inherited) @executable_path/Frameworks";
				PRODUCT_BUNDLE_IDENTIFIER = maestro3.0;
				PRODUCT_NAME = "$(TARGET_NAME)";
				PROVISIONING_PROFILE_SPECIFIER = "";
				SWIFT_VERSION = 4.0;
				TARGETED_DEVICE_FAMILY = 1;
			};
			name = Debug;
		};
		852D4BA9205F08AA0076D30F /* Release */ = {
			isa = XCBuildConfiguration;
			buildSettings = {
				ASSETCATALOG_COMPILER_APPICON_NAME = AppIcon;
				ASSETCATALOG_COMPILER_LAUNCHIMAGE_NAME = LaunchImage;
				CODE_SIGN_IDENTITY = "iPhone Developer";
				CODE_SIGN_STYLE = Automatic;
				DEVELOPMENT_TEAM = WC93SGJV9X;
				INFOPLIST_FILE = "maestro-phone/Info.plist";
				LD_RUNPATH_SEARCH_PATHS = "$(inherited) @executable_path/Frameworks";
				PRODUCT_BUNDLE_IDENTIFIER = maestro3.0;
				PRODUCT_NAME = "$(TARGET_NAME)";
				PROVISIONING_PROFILE_SPECIFIER = "";
				SWIFT_VERSION = 4.0;
				TARGETED_DEVICE_FAMILY = 1;
			};
			name = Release;
		};
/* End XCBuildConfiguration section */

/* Begin XCConfigurationList section */
		852D4B90205F08AA0076D30F /* Build configuration list for PBXProject "maestro-phone" */ = {
			isa = XCConfigurationList;
			buildConfigurations = (
				852D4BA5205F08AA0076D30F /* Debug */,
				852D4BA6205F08AA0076D30F /* Release */,
			);
			defaultConfigurationIsVisible = 0;
			defaultConfigurationName = Release;
		};
		852D4BA7205F08AA0076D30F /* Build configuration list for PBXNativeTarget "maestro-phone" */ = {
			isa = XCConfigurationList;
			buildConfigurations = (
				852D4BA8205F08AA0076D30F /* Debug */,
				852D4BA9205F08AA0076D30F /* Release */,
			);
			defaultConfigurationIsVisible = 0;
			defaultConfigurationName = Release;
		};
/* End XCConfigurationList section */
	};
	rootObject = 852D4B8D205F08AA0076D30F /* Project object */;
}
